
Microsoft Visual Studio Solution File, Format Version 11.00
# Visual C++ Express 2010
Project("{8BC9CEB8-8B4A-11D0-8D11-00A0C91BC942}") = "thesis_exp1", "thesis_exp1\thesis_exp1.vcxproj", "{8F66BAF1-41CA-48D3-9423-ED7364DB195D}"
EndProject
Global
	GlobalSection(SolutionConfigurationPlatforms) = preSolution
		Debug|Win32 = Debug|Win32
		Release|Win32 = Release|Win32
	EndGlobalSection
	GlobalSection(ProjectConfigurationPlatforms) = postSolution
		{8F66BAF1-41CA-48D3-9423-ED7364DB195D}.Debug|Win32.ActiveCfg = Debug|Win32
		{8F66BAF1-41CA-48D3-9423-ED7364DB195D}.Debug|Win32.Build.0 = Debug|Win32
		{8F66BAF1-41CA-48D3-9423-ED7364DB195D}.Release|Win32.ActiveCfg = Release|Win32
		{8F66BAF1-41CA-48D3-9423-ED7364DB195D}.Release|Win32.Build.0 = Release|Win32
	EndGlobalSection
	GlobalSection(SolutionProperties) = preSolution
		HideSolutionNode = FALSE
	EndGlobalSection
EndGlobal
